
Microsoft Visual Studio Solution File, Format Version 12.00
# Visual Studio Version 17
VisualStudioVersion = 17.9.34723.18
MinimumVisualStudioVersion = 10.0.40219.1
Project("{8BC9CEB8-8B4A-11D0-8D11-00A0C91BC942}") = "四则运算小程序", "四则运算小程序\四则运算小程序.vcxproj", "{D1979360-3612-494A-A662-CBC3BC4F15FA}"
EndProject
Project("{54435603-DBB4-11D2-8724-00A0C9A8B90C}") = "软件", "软件\软件.vdproj", "{C7013911-C68C-4D52-9828-52966F48E2C8}"
EndProject
Global
	GlobalSection(SolutionConfigurationPlatforms) = preSolution
		Debug|x64 = Debug|x64
		Debug|x86 = Debug|x86
		Release|x64 = Release|x64
		Release|x86 = Release|x86
	EndGlobalSection
	GlobalSection(ProjectConfigurationPlatforms) = postSolution
		{D1979360-3612-494A-A662-CBC3BC4F15FA}.Debug|x64.ActiveCfg = Debug|x64
		{D1979360-3612-494A-A662-CBC3BC4F15FA}.Debug|x64.Build.0 = Debug|x64
		{D1979360-3612-494A-A662-CBC3BC4F15FA}.Debug|x86.ActiveCfg = Debug|Win32
		{D1979360-3612-494A-A662-CBC3BC4F15FA}.Debug|x86.Build.0 = Debug|Win32
		{D1979360-3612-494A-A662-CBC3BC4F15FA}.Release|x64.ActiveCfg = Release|x64
		{D1979360-3612-494A-A662-CBC3BC4F15FA}.Release|x64.Build.0 = Release|x64
		{D1979360-3612-494A-A662-CBC3BC4F15FA}.Release|x86.ActiveCfg = Release|Win32
		{D1979360-3612-494A-A662-CBC3BC4F15FA}.Release|x86.Build.0 = Release|Win32
		{C7013911-C68C-4D52-9828-52966F48E2C8}.Debug|x64.ActiveCfg = Debug
		{C7013911-C68C-4D52-9828-52966F48E2C8}.Debug|x86.ActiveCfg = Debug
		{C7013911-C68C-4D52-9828-52966F48E2C8}.Release|x64.ActiveCfg = Release
		{C7013911-C68C-4D52-9828-52966F48E2C8}.Release|x86.ActiveCfg = Release
	EndGlobalSection
	GlobalSection(SolutionProperties) = preSolution
		HideSolutionNode = FALSE
	EndGlobalSection
	GlobalSection(ExtensibilityGlobals) = postSolution
		SolutionGuid = {BF21711D-AE84-4EB3-8E3B-8E8453E68339}
	EndGlobalSection
	GlobalSection(SolutionConfigurationPlatforms) = preSolution
		Debug|x64 = Debug|x64
		Debug|x86 = Debug|x86
		Release|x64 = Release|x64
		Release|x86 = Release|x86
	EndGlobalSection
EndGlobal
